
Microsoft Visual Studio Solution File, Format Version 12.00
# Visual Studio 15
VisualStudioVersion = 15.0.28010.2041
MinimumVisualStudioVersion = 10.0.40219.1
Project("{9A19103F-16F7-4668-BE54-9A1E7A4F7556}") = "compendium", "compendium.csproj", "{26D7BCE0-3134-4744-9465-F2BA8D60A3AD}"
EndProject
Project("{FAE04EC0-301F-11D3-BF4B-00C04F79EFBC}") = "DiceTray", "..\DiceTray\DiceTray.csproj", "{2E327304-3CE6-4702-94DB-4D249DA5920F}"
EndProject
Global
	GlobalSection(SolutionConfigurationPlatforms) = preSolution
		Debug|Any CPU = Debug|Any CPU
		Release|Any CPU = Release|Any CPU
	EndGlobalSection
	GlobalSection(ProjectConfigurationPlatforms) = postSolution
		{26D7BCE0-3134-4744-9465-F2BA8D60A3AD}.Debug|Any CPU.ActiveCfg = Debug|Any CPU
		{26D7BCE0-3134-4744-9465-F2BA8D60A3AD}.Debug|Any CPU.Build.0 = Debug|Any CPU
		{26D7BCE0-3134-4744-9465-F2BA8D60A3AD}.Release|Any CPU.ActiveCfg = Release|Any CPU
		{26D7BCE0-3134-4744-9465-F2BA8D60A3AD}.Release|Any CPU.Build.0 = Release|Any CPU
		{2E327304-3CE6-4702-94DB-4D249DA5920F}.Debug|Any CPU.ActiveCfg = Debug|Any CPU
		{2E327304-3CE6-4702-94DB-4D249DA5920F}.Debug|Any CPU.Build.0 = Debug|Any CPU
		{2E327304-3CE6-4702-94DB-4D249DA5920F}.Release|Any CPU.ActiveCfg = Release|Any CPU
		{2E327304-3CE6-4702-94DB-4D249DA5920F}.Release|Any CPU.Build.0 = Release|Any CPU
	EndGlobalSection
	GlobalSection(SolutionProperties) = preSolution
		HideSolutionNode = FALSE
	EndGlobalSection
	GlobalSection(ExtensibilityGlobals) = postSolution
		SolutionGuid = {26FCBA87-44D8-41E0-B85D-6CBB60EC7273}
	EndGlobalSection
EndGlobal
