
Microsoft Visual Studio Solution File, Format Version 12.00
# Visual Studio 15
VisualStudioVersion = 15.0.27703.2042
MinimumVisualStudioVersion = 10.0.40219.1
Project("{9A19103F-16F7-4668-BE54-9A1E7A4F7556}") = "encounter-builder", "encounter-builder.csproj", "{5E8C6C26-10DF-43E8-96E7-CA1DB283B860}"
EndProject
Project("{FAE04EC0-301F-11D3-BF4B-00C04F79EFBC}") = "encounterBuilder.Tests", "..\encounterBuilder.Tests\encounterBuilder.Tests.csproj", "{7727D1EA-BC8C-401B-B3D8-13D1EEEF3000}"
EndProject
Global
	GlobalSection(SolutionConfigurationPlatforms) = preSolution
		Debug|Any CPU = Debug|Any CPU
		Release|Any CPU = Release|Any CPU
	EndGlobalSection
	GlobalSection(ProjectConfigurationPlatforms) = postSolution
		{5E8C6C26-10DF-43E8-96E7-CA1DB283B860}.Debug|Any CPU.ActiveCfg = Debug|Any CPU
		{5E8C6C26-10DF-43E8-96E7-CA1DB283B860}.Debug|Any CPU.Build.0 = Debug|Any CPU
		{5E8C6C26-10DF-43E8-96E7-CA1DB283B860}.Release|Any CPU.ActiveCfg = Release|Any CPU
		{5E8C6C26-10DF-43E8-96E7-CA1DB283B860}.Release|Any CPU.Build.0 = Release|Any CPU
		{7727D1EA-BC8C-401B-B3D8-13D1EEEF3000}.Debug|Any CPU.ActiveCfg = Debug|Any CPU
		{7727D1EA-BC8C-401B-B3D8-13D1EEEF3000}.Debug|Any CPU.Build.0 = Debug|Any CPU
		{7727D1EA-BC8C-401B-B3D8-13D1EEEF3000}.Release|Any CPU.ActiveCfg = Release|Any CPU
		{7727D1EA-BC8C-401B-B3D8-13D1EEEF3000}.Release|Any CPU.Build.0 = Release|Any CPU
	EndGlobalSection
	GlobalSection(SolutionProperties) = preSolution
		HideSolutionNode = FALSE
	EndGlobalSection
	GlobalSection(ExtensibilityGlobals) = postSolution
		SolutionGuid = {9F96AEBD-8F89-4634-A9FF-C10C7E567D89}
	EndGlobalSection
EndGlobal
