
Microsoft Visual Studio Solution File, Format Version 12.00
# Visual Studio Version 17
VisualStudioVersion = 17.2.32616.157
MinimumVisualStudioVersion = 10.0.40219.1
Project("{9A19103F-16F7-4668-BE54-9A1E7A4F7556}") = "DiceTray", "DiceTray\DiceTray.csproj", "{2E327304-3CE6-4702-94DB-4D249DA5920F}"
EndProject
Project("{FAE04EC0-301F-11D3-BF4B-00C04F79EFBC}") = "Compendium", "Compendium\Compendium.csproj", "{D0FC0159-41D7-4DED-AA08-22F8EC369AD0}"
EndProject
Global
	GlobalSection(SolutionConfigurationPlatforms) = preSolution
		Debug|Any CPU = Debug|Any CPU
		Release|Any CPU = Release|Any CPU
	EndGlobalSection
	GlobalSection(ProjectConfigurationPlatforms) = postSolution
		{2E327304-3CE6-4702-94DB-4D249DA5920F}.Debug|Any CPU.ActiveCfg = Debug|Any CPU
		{2E327304-3CE6-4702-94DB-4D249DA5920F}.Debug|Any CPU.Build.0 = Debug|Any CPU
		{2E327304-3CE6-4702-94DB-4D249DA5920F}.Release|Any CPU.ActiveCfg = Release|Any CPU
		{2E327304-3CE6-4702-94DB-4D249DA5920F}.Release|Any CPU.Build.0 = Release|Any CPU
		{D0FC0159-41D7-4DED-AA08-22F8EC369AD0}.Debug|Any CPU.ActiveCfg = Debug|Any CPU
		{D0FC0159-41D7-4DED-AA08-22F8EC369AD0}.Debug|Any CPU.Build.0 = Debug|Any CPU
		{D0FC0159-41D7-4DED-AA08-22F8EC369AD0}.Release|Any CPU.ActiveCfg = Release|Any CPU
		{D0FC0159-41D7-4DED-AA08-22F8EC369AD0}.Release|Any CPU.Build.0 = Release|Any CPU
	EndGlobalSection
	GlobalSection(SolutionProperties) = preSolution
		HideSolutionNode = FALSE
	EndGlobalSection
	GlobalSection(ExtensibilityGlobals) = postSolution
		SolutionGuid = {26FCBA87-44D8-41E0-B85D-6CBB60EC7273}
	EndGlobalSection
EndGlobal
